Microsoft Visual Studio Solution File, Format Version 12.00
# Visual Studio Version 17
VisualStudioVersion = 17.5.2.0
MinimumVisualStudioVersion = 10.0.40219.1
Project("{FAE04EC0-301F-11D3-BF4B-00C04F79EFBC}") = "adea-solution-web-api", "adea-solution-web-api.csproj", "{B0572553-750A-25D2-F745-185E7A7A7768}"
EndProject
Global
	GlobalSection(SolutionConfigurationPlatforms) = preSolution
		Debug|Any CPU = Debug|Any CPU
		Release|Any CPU = Release|Any CPU
	EndGlobalSection
	GlobalSection(ProjectConfigurationPlatforms) = postSolution
		{B0572553-750A-25D2-F745-185E7A7A7768}.Debug|Any CPU.ActiveCfg = Debug|Any CPU
		{B0572553-750A-25D2-F745-185E7A7A7768}.Debug|Any CPU.Build.0 = Debug|Any CPU
		{B0572553-750A-25D2-F745-185E7A7A7768}.Release|Any CPU.ActiveCfg = Release|Any CPU
		{B0572553-750A-25D2-F745-185E7A7A7768}.Release|Any CPU.Build.0 = Release|Any CPU
	EndGlobalSection
	GlobalSection(SolutionProperties) = preSolution
		HideSolutionNode = FALSE
	EndGlobalSection
	GlobalSection(ExtensibilityGlobals) = postSolution
		SolutionGuid = {6C5533D5-5E4F-4BC9-A190-C02AADE6C253}
	EndGlobalSection
EndGlobal
